
Microsoft Visual Studio Solution File, Format Version 12.00
# Visual Studio Version 17
VisualStudioVersion = 17.11.35312.102
MinimumVisualStudioVersion = 10.0.40219.1
Project("{FAE04EC0-301F-11D3-BF4B-00C04F79EFBC}") = "Homework.Sorts", "Homework.Sorts\Homework.Sorts.csproj", "{DE010AEF-0F3A-4BB6-9091-A179EFE467D7}"
EndProject
Global
	GlobalSection(SolutionConfigurationPlatforms) = preSolution
		Debug|Any CPU = Debug|Any CPU
		Release|Any CPU = Release|Any CPU
	EndGlobalSection
	GlobalSection(ProjectConfigurationPlatforms) = postSolution
		{DE010AEF-0F3A-4BB6-9091-A179EFE467D7}.Debug|Any CPU.ActiveCfg = Debug|Any CPU
		{DE010AEF-0F3A-4BB6-9091-A179EFE467D7}.Debug|Any CPU.Build.0 = Debug|Any CPU
		{DE010AEF-0F3A-4BB6-9091-A179EFE467D7}.Release|Any CPU.ActiveCfg = Release|Any CPU
		{DE010AEF-0F3A-4BB6-9091-A179EFE467D7}.Release|Any CPU.Build.0 = Release|Any CPU
	EndGlobalSection
	GlobalSection(SolutionProperties) = preSolution
		HideSolutionNode = FALSE
	EndGlobalSection
	GlobalSection(ExtensibilityGlobals) = postSolution
		SolutionGuid = {660DFB0C-D095-485C-939D-0CFDC0F6F1E6}
	EndGlobalSection
EndGlobal
